
Microsoft Visual Studio Solution File, Format Version 12.00
# Visual Studio Version 17
VisualStudioVersion = 17.5.33502.453
MinimumVisualStudioVersion = 10.0.40219.1
Project("{888888A0-9F3D-457C-B088-3A5042F75D52}") = "点云处理", "点云处理.pyproj", "{7F9F5E28-E3A1-448C-A697-4318B9990535}"
EndProject
Project("{2150E333-8FDC-42A3-9474-1A3956D46DE8}") = "解决方案项", "解决方案项", "{1A3B0802-D3DC-45B1-9CC1-5076A16DED54}"
EndProject
Global
	GlobalSection(SolutionConfigurationPlatforms) = preSolution
		Debug|Any CPU = Debug|Any CPU
		Release|Any CPU = Release|Any CPU
	EndGlobalSection
	GlobalSection(ProjectConfigurationPlatforms) = postSolution
		{7F9F5E28-E3A1-448C-A697-4318B9990535}.Debug|Any CPU.ActiveCfg = Debug|Any CPU
		{7F9F5E28-E3A1-448C-A697-4318B9990535}.Release|Any CPU.ActiveCfg = Release|Any CPU
	EndGlobalSection
	GlobalSection(SolutionProperties) = preSolution
		HideSolutionNode = FALSE
	EndGlobalSection
	GlobalSection(ExtensibilityGlobals) = postSolution
		SolutionGuid = {C33F01D3-23D8-46BC-86BD-82CBFB7CFB56}
	EndGlobalSection
EndGlobal
